
Microsoft Visual Studio Solution File, Format Version 12.00
# Visual Studio Version 17
VisualStudioVersion = 17.1.32210.238
MinimumVisualStudioVersion = 10.0.40219.1
Project("{2150E333-8FDC-42A3-9474-1A3956D46DE8}") = "src", "src", "{BC2D160D-D4D0-4407-9BAD-B02E940E3752}"
EndProject
Project("{6EC3EE1D-3C4E-46DD-8F32-0CC8E7565705}") = "Kairos.Server", "src\Kairos.Server\Kairos.Server.fsproj", "{17FA5C42-39D4-4EBC-9389-03A3611CD632}"
EndProject
Project("{6EC3EE1D-3C4E-46DD-8F32-0CC8E7565705}") = "Kairos.Client", "src\Kairos.Client\Kairos.Client.fsproj", "{51790507-74BD-4233-846A-E6AAE71145F7}"
EndProject
Project("{6EC3EE1D-3C4E-46DD-8F32-0CC8E7565705}") = "Kairos.Server.Remoting", "src\Kairos.Server.Remoting\Kairos.Server.Remoting.fsproj", "{4E6163C9-83F4-4ACC-B544-BB46042F9DEB}"
EndProject
Project("{2150E333-8FDC-42A3-9474-1A3956D46DE8}") = "tests", "tests", "{AF035586-6077-45D2-80B7-09BBDADEA52F}"
EndProject
Project("{6EC3EE1D-3C4E-46DD-8F32-0CC8E7565705}") = "Kairos.Server.Remoting.Tests", "tests\Kairos.Server.Remoting.Tests\Kairos.Server.Remoting.Tests.fsproj", "{67BD5B47-F76D-4B37-9438-97D19C65F2E4}"
EndProject
Project("{6EC3EE1D-3C4E-46DD-8F32-0CC8E7565705}") = "Kairos.Server.Tests", "tests\Kairos.Server.Tests\Kairos.Server.Tests.fsproj", "{1717C165-3A31-473B-85E6-52D23F16812A}"
EndProject
Project("{F2A71F9B-5D33-465A-A702-920D77279786}") = "Kairos.Server.MsSql", "src\Kairos.Server.MsSql\Kairos.Server.MsSql.fsproj", "{4D738869-DA6A-4FBE-ADA4-B4F1BC32BF58}"
EndProject
Global
	GlobalSection(SolutionConfigurationPlatforms) = preSolution
		Debug|Any CPU = Debug|Any CPU
		Release|Any CPU = Release|Any CPU
	EndGlobalSection
	GlobalSection(ProjectConfigurationPlatforms) = postSolution
		{17FA5C42-39D4-4EBC-9389-03A3611CD632}.Debug|Any CPU.ActiveCfg = Debug|Any CPU
		{17FA5C42-39D4-4EBC-9389-03A3611CD632}.Debug|Any CPU.Build.0 = Debug|Any CPU
		{17FA5C42-39D4-4EBC-9389-03A3611CD632}.Release|Any CPU.ActiveCfg = Release|Any CPU
		{17FA5C42-39D4-4EBC-9389-03A3611CD632}.Release|Any CPU.Build.0 = Release|Any CPU
		{51790507-74BD-4233-846A-E6AAE71145F7}.Debug|Any CPU.ActiveCfg = Debug|Any CPU
		{51790507-74BD-4233-846A-E6AAE71145F7}.Debug|Any CPU.Build.0 = Debug|Any CPU
		{51790507-74BD-4233-846A-E6AAE71145F7}.Release|Any CPU.ActiveCfg = Release|Any CPU
		{51790507-74BD-4233-846A-E6AAE71145F7}.Release|Any CPU.Build.0 = Release|Any CPU
		{4E6163C9-83F4-4ACC-B544-BB46042F9DEB}.Debug|Any CPU.ActiveCfg = Debug|Any CPU
		{4E6163C9-83F4-4ACC-B544-BB46042F9DEB}.Debug|Any CPU.Build.0 = Debug|Any CPU
		{4E6163C9-83F4-4ACC-B544-BB46042F9DEB}.Release|Any CPU.ActiveCfg = Release|Any CPU
		{4E6163C9-83F4-4ACC-B544-BB46042F9DEB}.Release|Any CPU.Build.0 = Release|Any CPU
		{67BD5B47-F76D-4B37-9438-97D19C65F2E4}.Debug|Any CPU.ActiveCfg = Debug|Any CPU
		{67BD5B47-F76D-4B37-9438-97D19C65F2E4}.Debug|Any CPU.Build.0 = Debug|Any CPU
		{67BD5B47-F76D-4B37-9438-97D19C65F2E4}.Release|Any CPU.ActiveCfg = Release|Any CPU
		{67BD5B47-F76D-4B37-9438-97D19C65F2E4}.Release|Any CPU.Build.0 = Release|Any CPU
		{1717C165-3A31-473B-85E6-52D23F16812A}.Debug|Any CPU.ActiveCfg = Debug|Any CPU
		{1717C165-3A31-473B-85E6-52D23F16812A}.Debug|Any CPU.Build.0 = Debug|Any CPU
		{1717C165-3A31-473B-85E6-52D23F16812A}.Release|Any CPU.ActiveCfg = Release|Any CPU
		{1717C165-3A31-473B-85E6-52D23F16812A}.Release|Any CPU.Build.0 = Release|Any CPU
		{4D738869-DA6A-4FBE-ADA4-B4F1BC32BF58}.Debug|Any CPU.ActiveCfg = Debug|Any CPU
		{4D738869-DA6A-4FBE-ADA4-B4F1BC32BF58}.Debug|Any CPU.Build.0 = Debug|Any CPU
		{4D738869-DA6A-4FBE-ADA4-B4F1BC32BF58}.Release|Any CPU.ActiveCfg = Release|Any CPU
		{4D738869-DA6A-4FBE-ADA4-B4F1BC32BF58}.Release|Any CPU.Build.0 = Release|Any CPU
	EndGlobalSection
	GlobalSection(SolutionProperties) = preSolution
		HideSolutionNode = FALSE
	EndGlobalSection
	GlobalSection(NestedProjects) = preSolution
		{17FA5C42-39D4-4EBC-9389-03A3611CD632} = {BC2D160D-D4D0-4407-9BAD-B02E940E3752}
		{51790507-74BD-4233-846A-E6AAE71145F7} = {BC2D160D-D4D0-4407-9BAD-B02E940E3752}
		{4E6163C9-83F4-4ACC-B544-BB46042F9DEB} = {BC2D160D-D4D0-4407-9BAD-B02E940E3752}
		{67BD5B47-F76D-4B37-9438-97D19C65F2E4} = {AF035586-6077-45D2-80B7-09BBDADEA52F}
		{1717C165-3A31-473B-85E6-52D23F16812A} = {AF035586-6077-45D2-80B7-09BBDADEA52F}
		{4D738869-DA6A-4FBE-ADA4-B4F1BC32BF58} = {BC2D160D-D4D0-4407-9BAD-B02E940E3752}
	EndGlobalSection
	GlobalSection(ExtensibilityGlobals) = postSolution
		SolutionGuid = {40D1B0E0-D86C-4C39-BDC5-F630D4A30409}
	EndGlobalSection
EndGlobal
